// !$*UTF8*$!
{
	archiveVersion = 1;
	classes = {
	};
	objectVersion = 77;
	objects = {

/* Begin PBXBuildFile section */
		0146CAF42E7B76AC0023BBB1 /* FirebaseAuth in Frameworks */ = {isa = PBXBuildFile; productRef = 0146CAF32E7B76AC0023BBB1 /* FirebaseAuth */; };
		0146CAF72E7B76D60023BBB1 /* GoogleSignIn in Frameworks */ = {isa = PBXBuildFile; productRef = 0146CAF62E7B76D60023BBB1 /* GoogleSignIn */; };
		0146CAF92E7B76D60023BBB1 /* GoogleSignInSwift in Frameworks */ = {isa = PBXBuildFile; productRef = 0146CAF82E7B76D60023BBB1 /* GoogleSignInSwift */; };
		0146CAFC2E7B77050023BBB1 /* LiveKit in Frameworks */ = {isa = PBXBuildFile; productRef = 0146CAFB2E7B77050023BBB1 /* LiveKit */; };
/* End PBXBuildFile section */

/* Begin PBXContainerItemProxy section */
		0146CAA32E7B74BF0023BBB1 /* PBXContainerItemProxy */ = {
			isa = PBXContainerItemProxy;
			containerPortal = 0146CA8D2E7B74BD0023BBB1 /* Project object */;
			proxyType = 1;
			remoteGlobalIDString = 0146CA942E7B74BD0023BBB1;
			remoteInfo = izzocam;
		};
		0146CAAD2E7B74C00023BBB1 /* PBXContainerItemProxy */ = {
			isa = PBXContainerItemProxy;
			containerPortal = 0146CA8D2E7B74BD0023BBB1 /* Project object */;
			proxyType = 1;
			remoteGlobalIDString = 0146CA942E7B74BD0023BBB1;
			remoteInfo = izzocam;
		};
/* End PBXContainerItemProxy section */

/* Begin PBXFileReference section */
		0146CA952E7B74BD0023BBB1 /* izzocam.app */ = {isa = PBXFileReference; explicitFileType = wrapper.application; includeInIndex = 0; path = izzocam.app; sourceTree = BUILT_PRODUCTS_DIR; };
		0146CAA22E7B74BF0023BBB1 /* izzocamTests.xctest */ = {isa = PBXFileReference; explicitFileType = wrapper.cfbundle; includeInIndex = 0; path = izzocamTests.xctest; sourceTree = BUILT_PRODUCTS_DIR; };
		0146CAAC2E7B74C00023BBB1 /* izzocamUITests.xctest */ = {isa = PBXFileReference; explicitFileType = wrapper.cfbundle; includeInIndex = 0; path = izzocamUITests.xctest; sourceTree = BUILT_PRODUCTS_DIR; };
/* End PBXFileReference section */

/* Begin PBXFileSystemSynchronizedRootGroup section */
		0146CA972E7B74BD0023BBB1 /* izzocam */ = {
			isa = PBXFileSystemSynchronizedRootGroup;
			path = izzocam;
			sourceTree = "<group>";
		};
		0146CAA52E7B74BF0023BBB1 /* izzocamTests */ = {
			isa = PBXFileSystemSynchronizedRootGroup;
			path = izzocamTests;
			sourceTree = "<group>";
		};
		0146CAAF2E7B74C00023BBB1 /* izzocamUITests */ = {
			isa = PBXFileSystemSynchronizedRootGroup;
			path = izzocamUITests;
			sourceTree = "<group>";
		};
/* End PBXFileSystemSynchronizedRootGroup section */

/* Begin PBXFrameworksBuildPhase section */
		0146CA922E7B74BD0023BBB1 /* Frameworks */ = {
			isa = PBXFrameworksBuildPhase;
			buildActionMask = 2147483647;
			files = (
				0146CAF92E7B76D60023BBB1 /* GoogleSignInSwift in Frameworks */,
				0146CAF42E7B76AC0023BBB1 /* FirebaseAuth in Frameworks */,
				0146CAF72E7B76D60023BBB1 /* GoogleSignIn in Frameworks */,
				0146CAFC2E7B77050023BBB1 /* LiveKit in Frameworks */,
			);
			runOnlyForDeploymentPostprocessing = 0;
		};
		0146CA9F2E7B74BF0023BBB1 /* Frameworks */ = {
			isa = PBXFrameworksBuildPhase;
			buildActionMask = 2147483647;
			files = (
			);
			runOnlyForDeploymentPostprocessing = 0;
		};
		0146CAA92E7B74C00023BBB1 /* Frameworks */ = {
			isa = PBXFrameworksBuildPhase;
			buildActionMask = 2147483647;
			files = (
			);
			runOnlyForDeploymentPostprocessing = 0;
		};
/* End PBXFrameworksBuildPhase section */

/* Begin PBXGroup section */
		0146CA8C2E7B74BD0023BBB1 = {
			isa = PBXGroup;
			children = (
				0146CA972E7B74BD0023BBB1 /* izzocam */,
				0146CAA52E7B74BF0023BBB1 /* izzocamTests */,
				0146CAAF2E7B74C00023BBB1 /* izzocamUITests */,
				0146CA962E7B74BD0023BBB1 /* Products */,
			);
			sourceTree = "<group>";
		};
		0146CA962E7B74BD0023BBB1 /* Products */ = {
			isa = PBXGroup;
			children = (
				0146CA952E7B74BD0023BBB1 /* izzocam.app */,
				0146CAA22E7B74BF0023BBB1 /* izzocamTests.xctest */,
				0146CAAC2E7B74C00023BBB1 /* izzocamUITests.xctest */,
			);
			name = Products;
			sourceTree = "<group>";
		};
/* End PBXGroup section */

/* Begin PBXNativeTarget section */
		0146CA942E7B74BD0023BBB1 /* izzocam */ = {
			isa = PBXNativeTarget;
			buildConfigurationList = 0146CAB62E7B74C00023BBB1 /* Build configuration list for PBXNativeTarget "izzocam" */;
			buildPhases = (
				0146CA912E7B74BD0023BBB1 /* Sources */,
				0146CA922E7B74BD0023BBB1 /* Frameworks */,
				0146CA932E7B74BD0023BBB1 /* Resources */,
			);
			buildRules = (
			);
			dependencies = (
			);
			fileSystemSynchronizedGroups = (
				0146CA972E7B74BD0023BBB1 /* izzocam */,
			);
			name = izzocam;
			packageProductDependencies = (
				0146CAF32E7B76AC0023BBB1 /* FirebaseAuth */,
				0146CAF62E7B76D60023BBB1 /* GoogleSignIn */,
				0146CAF82E7B76D60023BBB1 /* GoogleSignInSwift */,
				0146CAFB2E7B77050023BBB1 /* LiveKit */,
			);
			productName = izzocam;
			productReference = 0146CA952E7B74BD0023BBB1 /* izzocam.app */;
			productType = "com.apple.product-type.application";
		};
		0146CAA12E7B74BF0023BBB1 /* izzocamTests */ = {
			isa = PBXNativeTarget;
			buildConfigurationList = 0146CAB92E7B74C00023BBB1 /* Build configuration list for PBXNativeTarget "izzocamTests" */;
			buildPhases = (
				0146CA9E2E7B74BF0023BBB1 /* Sources */,
				0146CA9F2E7B74BF0023BBB1 /* Frameworks */,
				0146CAA02E7B74BF0023BBB1 /* Resources */,
			);
			buildRules = (
			);
			dependencies = (
				0146CAA42E7B74BF0023BBB1 /* PBXTargetDependency */,
			);
			fileSystemSynchronizedGroups = (
				0146CAA52E7B74BF0023BBB1 /* izzocamTests */,
			);
			name = izzocamTests;
			packageProductDependencies = (
			);
			productName = izzocamTests;
			productReference = 0146CAA22E7B74BF0023BBB1 /* izzocamTests.xctest */;
			productType = "com.apple.product-type.bundle.unit-test";
		};
		0146CAAB2E7B74C00023BBB1 /* izzocamUITests */ = {
			isa = PBXNativeTarget;
			buildConfigurationList = 0146CABC2E7B74C00023BBB1 /* Build configuration list for PBXNativeTarget "izzocamUITests" */;
			buildPhases = (
				0146CAA82E7B74C00023BBB1 /* Sources */,
				0146CAA92E7B74C00023BBB1 /* Frameworks */,
				0146CAAA2E7B74C00023BBB1 /* Resources */,
			);
			buildRules = (
			);
			dependencies = (
				0146CAAE2E7B74C00023BBB1 /* PBXTargetDependency */,
			);
			fileSystemSynchronizedGroups = (
				0146CAAF2E7B74C00023BBB1 /* izzocamUITests */,
			);
			name = izzocamUITests;
			packageProductDependencies = (
			);
			productName = izzocamUITests;
			productReference = 0146CAAC2E7B74C00023BBB1 /* izzocamUITests.xctest */;
			productType = "com.apple.product-type.bundle.ui-testing";
		};
/* End PBXNativeTarget section */

/* Begin PBXProject section */
		0146CA8D2E7B74BD0023BBB1 /* Project object */ = {
			isa = PBXProject;
			attributes = {
				BuildIndependentTargetsInParallel = 1;
				LastSwiftUpdateCheck = 1640;
				LastUpgradeCheck = 1640;
				TargetAttributes = {
					0146CA942E7B74BD0023BBB1 = {
						CreatedOnToolsVersion = 16.4;
					};
					0146CAA12E7B74BF0023BBB1 = {
						CreatedOnToolsVersion = 16.4;
						TestTargetID = 0146CA942E7B74BD0023BBB1;
					};
					0146CAAB2E7B74C00023BBB1 = {
						CreatedOnToolsVersion = 16.4;
						TestTargetID = 0146CA942E7B74BD0023BBB1;
					};
				};
			};
			buildConfigurationList = 0146CA902E7B74BD0023BBB1 /* Build configuration list for PBXProject "izzocam" */;
			developmentRegion = en;
			hasScannedForEncodings = 0;
			knownRegions = (
				en,
				Base,
			);
			mainGroup = 0146CA8C2E7B74BD0023BBB1;
			minimizedProjectReferenceProxies = 1;
			packageReferences = (
				0146CAF22E7B76AC0023BBB1 /* XCRemoteSwiftPackageReference "firebase-ios-sdk" */,
				0146CAF52E7B76D60023BBB1 /* XCRemoteSwiftPackageReference "GoogleSignIn-iOS" */,
				0146CAFA2E7B77050023BBB1 /* XCRemoteSwiftPackageReference "client-sdk-swift" */,
			);
			preferredProjectObjectVersion = 77;
			productRefGroup = 0146CA962E7B74BD0023BBB1 /* Products */;
			projectDirPath = "";
			projectRoot = "";
			targets = (
				0146CA942E7B74BD0023BBB1 /* izzocam */,
				0146CAA12E7B74BF0023BBB1 /* izzocamTests */,
				0146CAAB2E7B74C00023BBB1 /* izzocamUITests */,
			);
		};
/* End PBXProject section */

/* Begin PBXResourcesBuildPhase section */
		0146CA932E7B74BD0023BBB1 /* Resources */ = {
			isa = PBXResourcesBuildPhase;
			buildActionMask = 2147483647;
			files = (
			);
			runOnlyForDeploymentPostprocessing = 0;
		};
		0146CAA02E7B74BF0023BBB1 /* Resources */ = {
			isa = PBXResourcesBuildPhase;
			buildActionMask = 2147483647;
			files = (
			);
			runOnlyForDeploymentPostprocessing = 0;
		};
		0146CAAA2E7B74C00023BBB1 /* Resources */ = {
			isa = PBXResourcesBuildPhase;
			buildActionMask = 2147483647;
			files = (
			);
			runOnlyForDeploymentPostprocessing = 0;
		};
/* End PBXResourcesBuildPhase section */

/* Begin PBXSourcesBuildPhase section */
		0146CA912E7B74BD0023BBB1 /* Sources */ = {
			isa = PBXSourcesBuildPhase;
			buildActionMask = 2147483647;
			files = (
			);
			runOnlyForDeploymentPostprocessing = 0;
		};
		0146CA9E2E7B74BF0023BBB1 /* Sources */ = {
			isa = PBXSourcesBuildPhase;
			buildActionMask = 2147483647;
			files = (
			);
			runOnlyForDeploymentPostprocessing = 0;
		};
		0146CAA82E7B74C00023BBB1 /* Sources */ = {
			isa = PBXSourcesBuildPhase;
			buildActionMask = 2147483647;
			files = (
			);
			runOnlyForDeploymentPostprocessing = 0;
		};
/* End PBXSourcesBuildPhase section */

/* Begin PBXTargetDependency section */
		0146CAA42E7B74BF0023BBB1 /* PBXTargetDependency */ = {
			isa = PBXTargetDependency;
			target = 0146CA942E7B74BD0023BBB1 /* izzocam */;
			targetProxy = 0146CAA32E7B74BF0023BBB1 /* PBXContainerItemProxy */;
		};
		0146CAAE2E7B74C00023BBB1 /* PBXTargetDependency */ = {
			isa = PBXTargetDependency;
			target = 0146CA942E7B74BD0023BBB1 /* izzocam */;
			targetProxy = 0146CAAD2E7B74C00023BBB1 /* PBXContainerItemProxy */;
		};
/* End PBXTargetDependency section */

/* Begin XCBuildConfiguration section */
		0146CAB42E7B74C00023BBB1 /* Debug */ = {
			isa = XCBuildConfiguration;
			buildSettings = {
				ALWAYS_SEARCH_USER_PATHS = NO;
				ASSETCATALOG_COMPILER_GENERATE_SWIFT_ASSET_SYMBOL_EXTENSIONS = YES;
				CLANG_ANALYZER_NONNULL = YES;
				CLANG_ANALYZER_NUMBER_OBJECT_CONVERSION = YES_AGGRESSIVE;
				CLANG_CXX_LANGUAGE_STANDARD = "gnu++20";
				CLANG_ENABLE_MODULES = YES;
				CLANG_ENABLE_OBJC_ARC = YES;
				CLANG_ENABLE_OBJC_WEAK = YES;
				CLANG_WARN_BLOCK_CAPTURE_AUTORELEASING = YES;
				CLANG_WARN_BOOL_CONVERSION = YES;
				CLANG_WARN_COMMA = YES;
				CLANG_WARN_CONSTANT_CONVERSION = YES;
				CLANG_WARN_DEPRECATED_OBJC_IMPLEMENTATIONS = YES;
				CLANG_WARN_DIRECT_OBJC_ISA_USAGE = YES_ERROR;
				CLANG_WARN_DOCUMENTATION_COMMENTS = YES;
				CLANG_WARN_EMPTY_BODY = YES;
				CLANG_WARN_ENUM_CONVERSION = YES;
				CLANG_WARN_INFINITE_RECURSION = YES;
				CLANG_WARN_INT_CONVERSION = YES;
				CLANG_WARN_NON_LITERAL_NULL_CONVERSION = YES;
				CLANG_WARN_OBJC_IMPLICIT_RETAIN_SELF = YES;
				CLANG_WARN_OBJC_LITERAL_CONVERSION = YES;
				CLANG_WARN_OBJC_ROOT_CLASS = YES_ERROR;
				CLANG_WARN_QUOTED_INCLUDE_IN_FRAMEWORK_HEADER = YES;
				CLANG_WARN_RANGE_LOOP_ANALYSIS = YES;
				CLANG_WARN_STRICT_PROTOTYPES = YES;
				CLANG_WARN_SUSPICIOUS_MOVE = YES;
				CLANG_WARN_UNGUARDED_AVAILABILITY = YES_AGGRESSIVE;
				CLANG_WARN_UNREACHABLE_CODE = YES;
				CLANG_WARN__DUPLICATE_METHOD_MATCH = YES;
				COPY_PHASE_STRIP = NO;
				DEBUG_INFORMATION_FORMAT = dwarf;
				DEVELOPMENT_TEAM = D27MJGWNY3;
				ENABLE_STRICT_OBJC_MSGSEND = YES;
				ENABLE_TESTABILITY = YES;
				ENABLE_USER_SCRIPT_SANDBOXING = YES;
				GCC_C_LANGUAGE_STANDARD = gnu17;
				GCC_DYNAMIC_NO_PIC = NO;
				GCC_NO_COMMON_BLOCKS = YES;
				GCC_OPTIMIZATION_LEVEL = 0;
				GCC_PREPROCESSOR_DEFINITIONS = (
					"DEBUG=1",
					"$(inherited)",
				);
				GCC_WARN_64_TO_32_BIT_CONVERSION = YES;
				GCC_WARN_ABOUT_RETURN_TYPE = YES_ERROR;
				GCC_WARN_UNDECLARED_SELECTOR = YES;
				GCC_WARN_UNINITIALIZED_AUTOS = YES_AGGRESSIVE;
				GCC_WARN_UNUSED_FUNCTION = YES;
				GCC_WARN_UNUSED_VARIABLE = YES;
				IPHONEOS_DEPLOYMENT_TARGET = 18.5;
				LOCALIZATION_PREFERS_STRING_CATALOGS = YES;
				MTL_ENABLE_DEBUG_INFO = INCLUDE_SOURCE;
				MTL_FAST_MATH = YES;
				ONLY_ACTIVE_ARCH = YES;
				SDKROOT = iphoneos;
				SWIFT_ACTIVE_COMPILATION_CONDITIONS = "DEBUG $(inherited)";
				SWIFT_OPTIMIZATION_LEVEL = "-Onone";
			};
			name = Debug;
		};
		0146CAB52E7B74C00023BBB1 /* Release */ = {
			isa = XCBuildConfiguration;
			buildSettings = {
				ALWAYS_SEARCH_USER_PATHS = NO;
				ASSETCATALOG_COMPILER_GENERATE_SWIFT_ASSET_SYMBOL_EXTENSIONS = YES;
				CLANG_ANALYZER_NONNULL = YES;
				CLANG_ANALYZER_NUMBER_OBJECT_CONVERSION = YES_AGGRESSIVE;
				CLANG_CXX_LANGUAGE_STANDARD = "gnu++20";
				CLANG_ENABLE_MODULES = YES;
				CLANG_ENABLE_OBJC_ARC = YES;
				CLANG_ENABLE_OBJC_WEAK = YES;
				CLANG_WARN_BLOCK_CAPTURE_AUTORELEASING = YES;
				CLANG_WARN_BOOL_CONVERSION = YES;
				CLANG_WARN_COMMA = YES;
				CLANG_WARN_CONSTANT_CONVERSION = YES;
				CLANG_WARN_DEPRECATED_OBJC_IMPLEMENTATIONS = YES;
				CLANG_WARN_DIRECT_OBJC_ISA_USAGE = YES_ERROR;
				CLANG_WARN_DOCUMENTATION_COMMENTS = YES;
				CLANG_WARN_EMPTY_BODY = YES;
				CLANG_WARN_ENUM_CONVERSION = YES;
				CLANG_WARN_INFINITE_RECURSION = YES;
				CLANG_WARN_INT_CONVERSION = YES;
				CLANG_WARN_NON_LITERAL_NULL_CONVERSION = YES;
				CLANG_WARN_OBJC_IMPLICIT_RETAIN_SELF = YES;
				CLANG_WARN_OBJC_LITERAL_CONVERSION = YES;
				CLANG_WARN_OBJC_ROOT_CLASS = YES_ERROR;
				CLANG_WARN_QUOTED_INCLUDE_IN_FRAMEWORK_HEADER = YES;
				CLANG_WARN_RANGE_LOOP_ANALYSIS = YES;
				CLANG_WARN_STRICT_PROTOTYPES = YES;
				CLANG_WARN_SUSPICIOUS_MOVE = YES;
				CLANG_WARN_UNGUARDED_AVAILABILITY = YES_AGGRESSIVE;
				CLANG_WARN_UNREACHABLE_CODE = YES;
				CLANG_WARN__DUPLICATE_METHOD_MATCH = YES;
				COPY_PHASE_STRIP = NO;
				DEBUG_INFORMATION_FORMAT = "dwarf-with-dsym";
				DEVELOPMENT_TEAM = D27MJGWNY3;
				ENABLE_NS_ASSERTIONS = NO;
				ENABLE_STRICT_OBJC_MSGSEND = YES;
				ENABLE_USER_SCRIPT_SANDBOXING = YES;
				GCC_C_LANGUAGE_STANDARD = gnu17;
				GCC_NO_COMMON_BLOCKS = YES;
				GCC_WARN_64_TO_32_BIT_CONVERSION = YES;
				GCC_WARN_ABOUT_RETURN_TYPE = YES_ERROR;
				GCC_WARN_UNDECLARED_SELECTOR = YES;
				GCC_WARN_UNINITIALIZED_AUTOS = YES_AGGRESSIVE;
				GCC_WARN_UNUSED_FUNCTION = YES;
				GCC_WARN_UNUSED_VARIABLE = YES;
				IPHONEOS_DEPLOYMENT_TARGET = 18.5;
				LOCALIZATION_PREFERS_STRING_CATALOGS = YES;
				MTL_ENABLE_DEBUG_INFO = NO;
				MTL_FAST_MATH = YES;
				SDKROOT = iphoneos;
				SWIFT_COMPILATION_MODE = wholemodule;
				VALIDATE_PRODUCT = YES;
			};
			name = Release;
		};
		0146CAB72E7B74C00023BBB1 /* Debug */ = {
			isa = XCBuildConfiguration;
			buildSettings = {
				ASSETCATALOG_COMPILER_APPICON_NAME = AppIcon;
				ASSETCATALOG_COMPILER_GLOBAL_ACCENT_COLOR_NAME = AccentColor;
				CODE_SIGN_STYLE = Automatic;
				CURRENT_PROJECT_VERSION = 10;
				DEVELOPMENT_TEAM = D27MJGWNY3;
				ENABLE_PREVIEWS = YES;
				GENERATE_INFOPLIST_FILE = YES;
				INFOPLIST_KEY_CFBundleURLTypes = "{\n    CFBundleTypeRole = Editor;\n    CFBundleURLSchemes =     (\n        \"com.googleusercontent.apps.17482328523-anc15bmtmd5q5etnl1nfp1qkrbfvhicu\"\n    );\n}";
				INFOPLIST_KEY_NSCameraUsageDescription = "This app uses video streaming technology that may reference camera APIs, but does not access your device's camera. You are viewing streams from remote cameras only.";
				INFOPLIST_KEY_NSLocalNetworkUsageDescription = "IzzoCam connects to Izzo's home network to fetch stream access tokens.";
				INFOPLIST_KEY_UIApplicationSceneManifest_Generation = YES;
				INFOPLIST_KEY_UIApplicationSupportsIndirectInputEvents = YES;
				INFOPLIST_KEY_UILaunchScreen_Generation = YES;
				INFOPLIST_KEY_UISupportedInterfaceOrientations_iPad = "UIInterfaceOrientationPortrait UIInterfaceOrientationPortraitUpsideDown UIInterfaceOrientationLandscapeLeft UIInterfaceOrientationLandscapeRight";
				INFOPLIST_KEY_UISupportedInterfaceOrientations_iPhone = "UIInterfaceOrientationPortrait UIInterfaceOrientationLandscapeLeft UIInterfaceOrientationLandscapeRight";
				LD_RUNPATH_SEARCH_PATHS = (
					"$(inherited)",
					"@executable_path/Frameworks",
				);
				MARKETING_VERSION = 1.0;
				PRODUCT_BUNDLE_IDENTIFIER = com.nick.izzocam;
				PRODUCT_NAME = "$(TARGET_NAME)";
				SWIFT_EMIT_LOC_STRINGS = YES;
				SWIFT_VERSION = 5.0;
				TARGETED_DEVICE_FAMILY = "1,2";
			};
			name = Debug;
		};
		0146CAB82E7B74C00023BBB1 /* Release */ = {
			isa = XCBuildConfiguration;
			buildSettings = {
				ASSETCATALOG_COMPILER_APPICON_NAME = AppIcon;
				ASSETCATALOG_COMPILER_GLOBAL_ACCENT_COLOR_NAME = AccentColor;
				CODE_SIGN_STYLE = Automatic;
				CURRENT_PROJECT_VERSION = 10;
				DEVELOPMENT_TEAM = D27MJGWNY3;
				ENABLE_PREVIEWS = YES;
				GENERATE_INFOPLIST_FILE = YES;
				INFOPLIST_KEY_CFBundleURLTypes = "{\n    CFBundleTypeRole = Editor;\n    CFBundleURLSchemes =     (\n        \"com.googleusercontent.apps.17482328523-anc15bmtmd5q5etnl1nfp1qkrbfvhicu\"\n    );\n}";
				INFOPLIST_KEY_NSCameraUsageDescription = "This app uses video streaming technology that may reference camera APIs, but does not access your device's camera. You are viewing streams from remote cameras only.";
				INFOPLIST_KEY_NSLocalNetworkUsageDescription = "IzzoCam connects to Izzo's home network to fetch stream access tokens.";
				INFOPLIST_KEY_UIApplicationSceneManifest_Generation = YES;
				INFOPLIST_KEY_UIApplicationSupportsIndirectInputEvents = YES;
				INFOPLIST_KEY_UILaunchScreen_Generation = YES;
				INFOPLIST_KEY_UISupportedInterfaceOrientations_iPad = "UIInterfaceOrientationPortrait UIInterfaceOrientationPortraitUpsideDown UIInterfaceOrientationLandscapeLeft UIInterfaceOrientationLandscapeRight";
				INFOPLIST_KEY_UISupportedInterfaceOrientations_iPhone = "UIInterfaceOrientationPortrait UIInterfaceOrientationLandscapeLeft UIInterfaceOrientationLandscapeRight";
				LD_RUNPATH_SEARCH_PATHS = (
					"$(inherited)",
					"@executable_path/Frameworks",
				);
				MARKETING_VERSION = 1.0;
				PRODUCT_BUNDLE_IDENTIFIER = com.nick.izzocam;
				PRODUCT_NAME = "$(TARGET_NAME)";
				SWIFT_EMIT_LOC_STRINGS = YES;
				SWIFT_VERSION = 5.0;
				TARGETED_DEVICE_FAMILY = "1,2";
			};
			name = Release;
		};
		0146CABA2E7B74C00023BBB1 /* Debug */ = {
			isa = XCBuildConfiguration;
			buildSettings = {
				BUNDLE_LOADER = "$(TEST_HOST)";
				CODE_SIGN_STYLE = Automatic;
				CURRENT_PROJECT_VERSION = 10;
				DEVELOPMENT_TEAM = D27MJGWNY3;
				GENERATE_INFOPLIST_FILE = YES;
				IPHONEOS_DEPLOYMENT_TARGET = 18.5;
				MARKETING_VERSION = 1.0;
				PRODUCT_BUNDLE_IDENTIFIER = com.nick.izzocamTests;
				PRODUCT_NAME = "$(TARGET_NAME)";
				SWIFT_EMIT_LOC_STRINGS = NO;
				SWIFT_VERSION = 5.0;
				TARGETED_DEVICE_FAMILY = "1,2";
				TEST_HOST = "$(BUILT_PRODUCTS_DIR)/izzocam.app/$(BUNDLE_EXECUTABLE_FOLDER_PATH)/izzocam";
			};
			name = Debug;
		};
		0146CABB2E7B74C00023BBB1 /* Release */ = {
			isa = XCBuildConfiguration;
			buildSettings = {
				BUNDLE_LOADER = "$(TEST_HOST)";
				CODE_SIGN_STYLE = Automatic;
				CURRENT_PROJECT_VERSION = 10;
				DEVELOPMENT_TEAM = D27MJGWNY3;
				GENERATE_INFOPLIST_FILE = YES;
				IPHONEOS_DEPLOYMENT_TARGET = 18.5;
				MARKETING_VERSION = 1.0;
				PRODUCT_BUNDLE_IDENTIFIER = com.nick.izzocamTests;
				PRODUCT_NAME = "$(TARGET_NAME)";
				SWIFT_EMIT_LOC_STRINGS = NO;
				SWIFT_VERSION = 5.0;
				TARGETED_DEVICE_FAMILY = "1,2";
				TEST_HOST = "$(BUILT_PRODUCTS_DIR)/izzocam.app/$(BUNDLE_EXECUTABLE_FOLDER_PATH)/izzocam";
			};
			name = Release;
		};
		0146CABD2E7B74C00023BBB1 /* Debug */ = {
			isa = XCBuildConfiguration;
			buildSettings = {
				CODE_SIGN_STYLE = Automatic;
				CURRENT_PROJECT_VERSION = 10;
				DEVELOPMENT_TEAM = D27MJGWNY3;
				GENERATE_INFOPLIST_FILE = YES;
				MARKETING_VERSION = 1.0;
				PRODUCT_BUNDLE_IDENTIFIER = com.nick.izzocamUITests;
				PRODUCT_NAME = "$(TARGET_NAME)";
				SWIFT_EMIT_LOC_STRINGS = NO;
				SWIFT_VERSION = 5.0;
				TARGETED_DEVICE_FAMILY = "1,2";
				TEST_TARGET_NAME = izzocam;
			};
			name = Debug;
		};
		0146CABE2E7B74C00023BBB1 /* Release */ = {
			isa = XCBuildConfiguration;
			buildSettings = {
				CODE_SIGN_STYLE = Automatic;
				CURRENT_PROJECT_VERSION = 10;
				DEVELOPMENT_TEAM = D27MJGWNY3;
				GENERATE_INFOPLIST_FILE = YES;
				MARKETING_VERSION = 1.0;
				PRODUCT_BUNDLE_IDENTIFIER = com.nick.izzocamUITests;
				PRODUCT_NAME = "$(TARGET_NAME)";
				SWIFT_EMIT_LOC_STRINGS = NO;
				SWIFT_VERSION = 5.0;
				TARGETED_DEVICE_FAMILY = "1,2";
				TEST_TARGET_NAME = izzocam;
			};
			name = Release;
		};
/* End XCBuildConfiguration section */

/* Begin XCConfigurationList section */
		0146CA902E7B74BD0023BBB1 /* Build configuration list for PBXProject "izzocam" */ = {
			isa = XCConfigurationList;
			buildConfigurations = (
				0146CAB42E7B74C00023BBB1 /* Debug */,
				0146CAB52E7B74C00023BBB1 /* Release */,
			);
			defaultConfigurationIsVisible = 0;
			defaultConfigurationName = Release;
		};
		0146CAB62E7B74C00023BBB1 /* Build configuration list for PBXNativeTarget "izzocam" */ = {
			isa = XCConfigurationList;
			buildConfigurations = (
				0146CAB72E7B74C00023BBB1 /* Debug */,
				0146CAB82E7B74C00023BBB1 /* Release */,
			);
			defaultConfigurationIsVisible = 0;
			defaultConfigurationName = Release;
		};
		0146CAB92E7B74C00023BBB1 /* Build configuration list for PBXNativeTarget "izzocamTests" */ = {
			isa = XCConfigurationList;
			buildConfigurations = (
				0146CABA2E7B74C00023BBB1 /* Debug */,
				0146CABB2E7B74C00023BBB1 /* Release */,
			);
			defaultConfigurationIsVisible = 0;
			defaultConfigurationName = Release;
		};
		0146CABC2E7B74C00023BBB1 /* Build configuration list for PBXNativeTarget "izzocamUITests" */ = {
			isa = XCConfigurationList;
			buildConfigurations = (
				0146CABD2E7B74C00023BBB1 /* Debug */,
				0146CABE2E7B74C00023BBB1 /* Release */,
			);
			defaultConfigurationIsVisible = 0;
			defaultConfigurationName = Release;
		};
/* End XCConfigurationList section */

/* Begin XCRemoteSwiftPackageReference section */
		0146CAF22E7B76AC0023BBB1 /* XCRemoteSwiftPackageReference "firebase-ios-sdk" */ = {
			isa = XCRemoteSwiftPackageReference;
			repositoryURL = "https://github.com/firebase/firebase-ios-sdk.git";
			requirement = {
				kind = upToNextMajorVersion;
				minimumVersion = 12.3.0;
			};
		};
		0146CAF52E7B76D60023BBB1 /* XCRemoteSwiftPackageReference "GoogleSignIn-iOS" */ = {
			isa = XCRemoteSwiftPackageReference;
			repositoryURL = "https://github.com/google/GoogleSignIn-iOS.git";
			requirement = {
				kind = upToNextMajorVersion;
				minimumVersion = 9.0.0;
			};
		};
		0146CAFA2E7B77050023BBB1 /* XCRemoteSwiftPackageReference "client-sdk-swift" */ = {
			isa = XCRemoteSwiftPackageReference;
			repositoryURL = "https://github.com/livekit/client-sdk-swift.git";
			requirement = {
				kind = upToNextMajorVersion;
				minimumVersion = 2.7.2;
			};
		};
/* End XCRemoteSwiftPackageReference section */

/* Begin XCSwiftPackageProductDependency section */
		0146CAF32E7B76AC0023BBB1 /* FirebaseAuth */ = {
			isa = XCSwiftPackageProductDependency;
			package = 0146CAF22E7B76AC0023BBB1 /* XCRemoteSwiftPackageReference "firebase-ios-sdk" */;
			productName = FirebaseAuth;
		};
		0146CAF62E7B76D60023BBB1 /* GoogleSignIn */ = {
			isa = XCSwiftPackageProductDependency;
			package = 0146CAF52E7B76D60023BBB1 /* XCRemoteSwiftPackageReference "GoogleSignIn-iOS" */;
			productName = GoogleSignIn;
		};
		0146CAF82E7B76D60023BBB1 /* GoogleSignInSwift */ = {
			isa = XCSwiftPackageProductDependency;
			package = 0146CAF52E7B76D60023BBB1 /* XCRemoteSwiftPackageReference "GoogleSignIn-iOS" */;
			productName = GoogleSignInSwift;
		};
		0146CAFB2E7B77050023BBB1 /* LiveKit */ = {
			isa = XCSwiftPackageProductDependency;
			package = 0146CAFA2E7B77050023BBB1 /* XCRemoteSwiftPackageReference "client-sdk-swift" */;
			productName = LiveKit;
		};
/* End XCSwiftPackageProductDependency section */
	};
	rootObject = 0146CA8D2E7B74BD0023BBB1 /* Project object */;
}
